{
  "name": "server",
  "lockfileVersion": 3,
  "requires": true,
  "packages": {
    "": {
      "dependencies": {
        "server": "file:.."
      }
    },
    "..": {
      "version": "1.0.0",
      "license": "ISC",
      "dependencies": {
        "bcrypt": "^5.1.1",
        "bcryptjs": "^2.4.3",
        "cloudinary": "^2.5.1",
        "concurrently": "^9.1.0",
        "cookie-parser": "^1.4.7",
        "cors": "^2.8.5",
        "dotenv": "^16.4.7",
        "express": "^4.21.2",
        "jsonwebtoken": "^9.0.2",
        "mongoose": "^8.9.0",
        "multer": "^1.4.5-lts.1",
        "socket.io": "^4.8.1"
      },
      "devDependencies": {
        "nodemon": "^3.1.9"
      }
    },
    "node_modules/server": {
      "resolved": "..",
      "link": true
    }
  }
}
